
Microsoft Visual Studio Solution File, Format Version 12.00
# Visual Studio 14
VisualStudioVersion = 14.0.24720.0
MinimumVisualStudioVersion = 10.0.40219.1
Project("{2150E333-8FDC-42A3-9474-1A3956D46DE8}") = "Project", "Project", "{DF17E46F-688F-4F91-8B3E-1E4A88DBC5BD}"
EndProject
Project("{2150E333-8FDC-42A3-9474-1A3956D46DE8}") = "Configuration", "Configuration", "{603E9BA2-3E3D-4A3E-891E-2C7CA861270F}"
	ProjectSection(SolutionItems) = preProject
		gulp-config.js = gulp-config.js
		gulpfile.js = gulpfile.js
		package.json = package.json
	EndProjectSection
EndProject
Project("{2150E333-8FDC-42A3-9474-1A3956D46DE8}") = "Feature", "Feature", "{8EACCFD7-A0FD-4325-924F-385E6C29F624}"
EndProject
Project("{2150E333-8FDC-42A3-9474-1A3956D46DE8}") = "Foundation", "Foundation", "{279F12F7-6F98-400E-802A-F4990DF5D09B}"
EndProject
Project("{2150E333-8FDC-42A3-9474-1A3956D46DE8}") = "SitecoreDev", "SitecoreDev", "{B401B659-62CE-4466-A56E-D7CC1B09B43C}"
EndProject
Project("{FAE04EC0-301F-11D3-BF4B-00C04F79EFBC}") = "SitecoreDev.Website", "Project\SitecoreDev\SitecoreDev.Website\SitecoreDev.Website.csproj", "{0F057785-9254-40A1-B755-BE325A1381CF}"
EndProject
Project("{2150E333-8FDC-42A3-9474-1A3956D46DE8}") = "SitecoreExtensions", "SitecoreExtensions", "{6090CB0D-68F9-460D-AF60-CE3B99EEE1D4}"
EndProject
Project("{FAE04EC0-301F-11D3-BF4B-00C04F79EFBC}") = "SitecoreDev.Foundation.SitecoreExtensions", "Foundation\SitecoreExtensions\SitecoreDev.Foundation.SitecoreExtensions\SitecoreDev.Foundation.SitecoreExtensions.csproj", "{667602FC-2957-486A-B1E8-70355CD58EB8}"
EndProject
Project("{2150E333-8FDC-42A3-9474-1A3956D46DE8}") = "Layouts", "Layouts", "{3635F9B5-692E-45A6-80C1-DDEF88459605}"
EndProject
Project("{2150E333-8FDC-42A3-9474-1A3956D46DE8}") = "Styling", "Styling", "{144075F9-6F33-4349-8D25-93905F5D5404}"
EndProject
Project("{FAE04EC0-301F-11D3-BF4B-00C04F79EFBC}") = "SitecoreDev.Foundation.Layouts", "Foundation\Layouts\SitecoreDev.Foundation.Layouts\SitecoreDev.Foundation.Layouts.csproj", "{A2815A1F-2714-4341-A3CC-6F8547F44D1B}"
EndProject
Project("{FAE04EC0-301F-11D3-BF4B-00C04F79EFBC}") = "SitecoreDev.Foundation.Styling", "Foundation\Styling\SitecoreDev.Foundation.Styling\SitecoreDev.Foundation.Styling.csproj", "{F607C04A-BDAC-4AC7-99DC-C8A1C7639160}"
EndProject
Project("{2150E333-8FDC-42A3-9474-1A3956D46DE8}") = "Media", "Media", "{EC0CDD8A-0C90-4E36-B440-7D2341046D58}"
EndProject
Project("{FAE04EC0-301F-11D3-BF4B-00C04F79EFBC}") = "SitecoreDev.Feature.Media", "Feature\Media\SitecoreDev.Feature.Media\SitecoreDev.Feature.Media.csproj", "{DC3056CF-59EC-4AB6-AF30-9C7937411040}"
EndProject
Project("{2150E333-8FDC-42A3-9474-1A3956D46DE8}") = "Articles", "Articles", "{86574F47-5D58-4B17-849F-AA864A9496C9}"
EndProject
Project("{FAE04EC0-301F-11D3-BF4B-00C04F79EFBC}") = "SitecoreDev.Feature.Articles", "Feature\Articles\SitecoreDev.Feature.Articles\SitecoreDev.Feature.Articles.csproj", "{62738B91-64A0-4DEB-BB4A-FC0D21CF0602}"
EndProject
Project("{2150E333-8FDC-42A3-9474-1A3956D46DE8}") = "Orm", "Orm", "{9BDC74E0-681D-45E8-A769-99404B02A4C8}"
EndProject
Project("{FAE04EC0-301F-11D3-BF4B-00C04F79EFBC}") = "SitecoreDev.Foundation.Orm", "Foundation\Orm\SitecoreDev.Foundation.Orm\SitecoreDev.Foundation.Orm.csproj", "{E30DA289-F0DF-455D-971B-3AAF05752FAB}"
EndProject
Project("{2150E333-8FDC-42A3-9474-1A3956D46DE8}") = "Model", "Model", "{6E0BE9A7-4742-44F8-81EB-8D00B688C399}"
EndProject
Project("{FAE04EC0-301F-11D3-BF4B-00C04F79EFBC}") = "SitecoreDev.Foundation.Model", "Foundation\Model\SitecoreDev.Foundation.Model\SitecoreDev.Foundation.Model.csproj", "{98F7662A-99C7-4D96-95A5-9E7152C9906E}"
EndProject
Project("{2150E333-8FDC-42A3-9474-1A3956D46DE8}") = "Repository", "Repository", "{BF6D94D4-2722-432E-9E29-A0D6E4E61FA0}"
EndProject
Project("{2150E333-8FDC-42A3-9474-1A3956D46DE8}") = "IoC", "IoC", "{73379BA1-894C-4246-8079-3F70AB5307BA}"
EndProject
Project("{FAE04EC0-301F-11D3-BF4B-00C04F79EFBC}") = "SitecoreDev.Foundation.Ioc", "Foundation\IoC\SitecoreDev.Foundation.Ioc\SitecoreDev.Foundation.Ioc.csproj", "{51A6E73F-1555-45D0-9ED1-A3E3D7A2EF5E}"
EndProject
Project("{FAE04EC0-301F-11D3-BF4B-00C04F79EFBC}") = "SitecoreDev.Foundation.Repository", "Foundation\Repository\SitecoreDev.Foundation.Repository\SitecoreDev.Foundation.Repository.csproj", "{260CCC22-BAEE-4B4F-A137-EA9332F9E636}"
EndProject
Project("{2150E333-8FDC-42A3-9474-1A3956D46DE8}") = "Search", "Search", "{9F02237F-668A-48D5-B483-27C35CB42A1E}"
EndProject
Project("{FAE04EC0-301F-11D3-BF4B-00C04F79EFBC}") = "SitecoreDev.Feature.Search", "Feature\Search\SitecoreDev.Feature.Search\SitecoreDev.Feature.Search.csproj", "{AAF3CDE7-51BD-4F8E-B65B-588EF0689ADB}"
EndProject
Project("{2150E333-8FDC-42A3-9474-1A3956D46DE8}") = "Indexing", "Indexing", "{691CFF71-ED24-495A-90C8-2B34245B8B56}"
EndProject
Project("{FAE04EC0-301F-11D3-BF4B-00C04F79EFBC}") = "SitecoreDev.Foundation.Indexing", "Foundation\Indexing\SitecoreDev.Foundation.Indexing\SitecoreDev.Foundation.Indexing.csproj", "{FCA73767-483E-4421-A888-72283CFCBD27}"
EndProject
Global
	GlobalSection(SolutionConfigurationPlatforms) = preSolution
		Debug|Any CPU = Debug|Any CPU
		Release|Any CPU = Release|Any CPU
	EndGlobalSection
	GlobalSection(ProjectConfigurationPlatforms) = postSolution
		{0F057785-9254-40A1-B755-BE325A1381CF}.Debug|Any CPU.ActiveCfg = Debug|Any CPU
		{0F057785-9254-40A1-B755-BE325A1381CF}.Debug|Any CPU.Build.0 = Debug|Any CPU
		{0F057785-9254-40A1-B755-BE325A1381CF}.Release|Any CPU.ActiveCfg = Release|Any CPU
		{0F057785-9254-40A1-B755-BE325A1381CF}.Release|Any CPU.Build.0 = Release|Any CPU
		{667602FC-2957-486A-B1E8-70355CD58EB8}.Debug|Any CPU.ActiveCfg = Debug|Any CPU
		{667602FC-2957-486A-B1E8-70355CD58EB8}.Debug|Any CPU.Build.0 = Debug|Any CPU
		{667602FC-2957-486A-B1E8-70355CD58EB8}.Release|Any CPU.ActiveCfg = Release|Any CPU
		{667602FC-2957-486A-B1E8-70355CD58EB8}.Release|Any CPU.Build.0 = Release|Any CPU
		{A2815A1F-2714-4341-A3CC-6F8547F44D1B}.Debug|Any CPU.ActiveCfg = Debug|Any CPU
		{A2815A1F-2714-4341-A3CC-6F8547F44D1B}.Debug|Any CPU.Build.0 = Debug|Any CPU
		{A2815A1F-2714-4341-A3CC-6F8547F44D1B}.Release|Any CPU.ActiveCfg = Release|Any CPU
		{A2815A1F-2714-4341-A3CC-6F8547F44D1B}.Release|Any CPU.Build.0 = Release|Any CPU
		{F607C04A-BDAC-4AC7-99DC-C8A1C7639160}.Debug|Any CPU.ActiveCfg = Debug|Any CPU
		{F607C04A-BDAC-4AC7-99DC-C8A1C7639160}.Debug|Any CPU.Build.0 = Debug|Any CPU
		{F607C04A-BDAC-4AC7-99DC-C8A1C7639160}.Release|Any CPU.ActiveCfg = Release|Any CPU
		{F607C04A-BDAC-4AC7-99DC-C8A1C7639160}.Release|Any CPU.Build.0 = Release|Any CPU
		{DC3056CF-59EC-4AB6-AF30-9C7937411040}.Debug|Any CPU.ActiveCfg = Debug|Any CPU
		{DC3056CF-59EC-4AB6-AF30-9C7937411040}.Debug|Any CPU.Build.0 = Debug|Any CPU
		{DC3056CF-59EC-4AB6-AF30-9C7937411040}.Release|Any CPU.ActiveCfg = Release|Any CPU
		{DC3056CF-59EC-4AB6-AF30-9C7937411040}.Release|Any CPU.Build.0 = Release|Any CPU
		{62738B91-64A0-4DEB-BB4A-FC0D21CF0602}.Debug|Any CPU.ActiveCfg = Debug|Any CPU
		{62738B91-64A0-4DEB-BB4A-FC0D21CF0602}.Debug|Any CPU.Build.0 = Debug|Any CPU
		{62738B91-64A0-4DEB-BB4A-FC0D21CF0602}.Release|Any CPU.ActiveCfg = Release|Any CPU
		{62738B91-64A0-4DEB-BB4A-FC0D21CF0602}.Release|Any CPU.Build.0 = Release|Any CPU
		{E30DA289-F0DF-455D-971B-3AAF05752FAB}.Debug|Any CPU.ActiveCfg = Debug|Any CPU
		{E30DA289-F0DF-455D-971B-3AAF05752FAB}.Debug|Any CPU.Build.0 = Debug|Any CPU
		{E30DA289-F0DF-455D-971B-3AAF05752FAB}.Release|Any CPU.ActiveCfg = Release|Any CPU
		{E30DA289-F0DF-455D-971B-3AAF05752FAB}.Release|Any CPU.Build.0 = Release|Any CPU
		{98F7662A-99C7-4D96-95A5-9E7152C9906E}.Debug|Any CPU.ActiveCfg = Debug|Any CPU
		{98F7662A-99C7-4D96-95A5-9E7152C9906E}.Debug|Any CPU.Build.0 = Debug|Any CPU
		{98F7662A-99C7-4D96-95A5-9E7152C9906E}.Release|Any CPU.ActiveCfg = Release|Any CPU
		{98F7662A-99C7-4D96-95A5-9E7152C9906E}.Release|Any CPU.Build.0 = Release|Any CPU
		{51A6E73F-1555-45D0-9ED1-A3E3D7A2EF5E}.Debug|Any CPU.ActiveCfg = Debug|Any CPU
		{51A6E73F-1555-45D0-9ED1-A3E3D7A2EF5E}.Debug|Any CPU.Build.0 = Debug|Any CPU
		{51A6E73F-1555-45D0-9ED1-A3E3D7A2EF5E}.Release|Any CPU.ActiveCfg = Release|Any CPU
		{51A6E73F-1555-45D0-9ED1-A3E3D7A2EF5E}.Release|Any CPU.Build.0 = Release|Any CPU
		{260CCC22-BAEE-4B4F-A137-EA9332F9E636}.Debug|Any CPU.ActiveCfg = Debug|Any CPU
		{260CCC22-BAEE-4B4F-A137-EA9332F9E636}.Debug|Any CPU.Build.0 = Debug|Any CPU
		{260CCC22-BAEE-4B4F-A137-EA9332F9E636}.Release|Any CPU.ActiveCfg = Release|Any CPU
		{260CCC22-BAEE-4B4F-A137-EA9332F9E636}.Release|Any CPU.Build.0 = Release|Any CPU
		{AAF3CDE7-51BD-4F8E-B65B-588EF0689ADB}.Debug|Any CPU.ActiveCfg = Debug|Any CPU
		{AAF3CDE7-51BD-4F8E-B65B-588EF0689ADB}.Debug|Any CPU.Build.0 = Debug|Any CPU
		{AAF3CDE7-51BD-4F8E-B65B-588EF0689ADB}.Release|Any CPU.ActiveCfg = Release|Any CPU
		{AAF3CDE7-51BD-4F8E-B65B-588EF0689ADB}.Release|Any CPU.Build.0 = Release|Any CPU
		{FCA73767-483E-4421-A888-72283CFCBD27}.Debug|Any CPU.ActiveCfg = Debug|Any CPU
		{FCA73767-483E-4421-A888-72283CFCBD27}.Debug|Any CPU.Build.0 = Debug|Any CPU
		{FCA73767-483E-4421-A888-72283CFCBD27}.Release|Any CPU.ActiveCfg = Release|Any CPU
		{FCA73767-483E-4421-A888-72283CFCBD27}.Release|Any CPU.Build.0 = Release|Any CPU
	EndGlobalSection
	GlobalSection(SolutionProperties) = preSolution
		HideSolutionNode = FALSE
	EndGlobalSection
	GlobalSection(NestedProjects) = preSolution
		{B401B659-62CE-4466-A56E-D7CC1B09B43C} = {DF17E46F-688F-4F91-8B3E-1E4A88DBC5BD}
		{0F057785-9254-40A1-B755-BE325A1381CF} = {B401B659-62CE-4466-A56E-D7CC1B09B43C}
		{6090CB0D-68F9-460D-AF60-CE3B99EEE1D4} = {279F12F7-6F98-400E-802A-F4990DF5D09B}
		{667602FC-2957-486A-B1E8-70355CD58EB8} = {6090CB0D-68F9-460D-AF60-CE3B99EEE1D4}
		{3635F9B5-692E-45A6-80C1-DDEF88459605} = {279F12F7-6F98-400E-802A-F4990DF5D09B}
		{144075F9-6F33-4349-8D25-93905F5D5404} = {279F12F7-6F98-400E-802A-F4990DF5D09B}
		{A2815A1F-2714-4341-A3CC-6F8547F44D1B} = {3635F9B5-692E-45A6-80C1-DDEF88459605}
		{F607C04A-BDAC-4AC7-99DC-C8A1C7639160} = {144075F9-6F33-4349-8D25-93905F5D5404}
		{EC0CDD8A-0C90-4E36-B440-7D2341046D58} = {8EACCFD7-A0FD-4325-924F-385E6C29F624}
		{DC3056CF-59EC-4AB6-AF30-9C7937411040} = {EC0CDD8A-0C90-4E36-B440-7D2341046D58}
		{86574F47-5D58-4B17-849F-AA864A9496C9} = {8EACCFD7-A0FD-4325-924F-385E6C29F624}
		{62738B91-64A0-4DEB-BB4A-FC0D21CF0602} = {86574F47-5D58-4B17-849F-AA864A9496C9}
		{9BDC74E0-681D-45E8-A769-99404B02A4C8} = {279F12F7-6F98-400E-802A-F4990DF5D09B}
		{E30DA289-F0DF-455D-971B-3AAF05752FAB} = {9BDC74E0-681D-45E8-A769-99404B02A4C8}
		{6E0BE9A7-4742-44F8-81EB-8D00B688C399} = {279F12F7-6F98-400E-802A-F4990DF5D09B}
		{98F7662A-99C7-4D96-95A5-9E7152C9906E} = {6E0BE9A7-4742-44F8-81EB-8D00B688C399}
		{BF6D94D4-2722-432E-9E29-A0D6E4E61FA0} = {279F12F7-6F98-400E-802A-F4990DF5D09B}
		{73379BA1-894C-4246-8079-3F70AB5307BA} = {279F12F7-6F98-400E-802A-F4990DF5D09B}
		{51A6E73F-1555-45D0-9ED1-A3E3D7A2EF5E} = {73379BA1-894C-4246-8079-3F70AB5307BA}
		{260CCC22-BAEE-4B4F-A137-EA9332F9E636} = {BF6D94D4-2722-432E-9E29-A0D6E4E61FA0}
		{9F02237F-668A-48D5-B483-27C35CB42A1E} = {8EACCFD7-A0FD-4325-924F-385E6C29F624}
		{AAF3CDE7-51BD-4F8E-B65B-588EF0689ADB} = {9F02237F-668A-48D5-B483-27C35CB42A1E}
		{691CFF71-ED24-495A-90C8-2B34245B8B56} = {279F12F7-6F98-400E-802A-F4990DF5D09B}
		{FCA73767-483E-4421-A888-72283CFCBD27} = {691CFF71-ED24-495A-90C8-2B34245B8B56}
	EndGlobalSection
EndGlobal
